
Microsoft Visual Studio Solution File, Format Version 12.00
# Visual Studio Version 16
VisualStudioVersion = 16.0.32802.440
MinimumVisualStudioVersion = 10.0.40219.1
Project("{FAE04EC0-301F-11D3-BF4B-00C04F79EFBC}") = "webSuperMkd", "webSuperMkd\webSuperMkd.csproj", "{4BEF1CA2-6C39-491A-A9C1-2A21716122A0}"
EndProject
Global
	GlobalSection(SolutionConfigurationPlatforms) = preSolution
		Debug|Any CPU = Debug|Any CPU
		Release|Any CPU = Release|Any CPU
	EndGlobalSection
	GlobalSection(ProjectConfigurationPlatforms) = postSolution
		{4BEF1CA2-6C39-491A-A9C1-2A21716122A0}.Debug|Any CPU.ActiveCfg = Debug|Any CPU
		{4BEF1CA2-6C39-491A-A9C1-2A21716122A0}.Debug|Any CPU.Build.0 = Debug|Any CPU
		{4BEF1CA2-6C39-491A-A9C1-2A21716122A0}.Release|Any CPU.ActiveCfg = Release|Any CPU
		{4BEF1CA2-6C39-491A-A9C1-2A21716122A0}.Release|Any CPU.Build.0 = Release|Any CPU
	EndGlobalSection
	GlobalSection(SolutionProperties) = preSolution
		HideSolutionNode = FALSE
	EndGlobalSection
	GlobalSection(ExtensibilityGlobals) = postSolution
		SolutionGuid = {AD5ED70D-C0E7-46F6-9480-598EDC62F6F8}
	EndGlobalSection
EndGlobal
